
Microsoft Visual Studio Solution File, Format Version 12.00
# Visual Studio 14
VisualStudioVersion = 14.0.25420.1
MinimumVisualStudioVersion = 10.0.40219.1
Project("{FAE04EC0-301F-11D3-BF4B-00C04F79EFBC}") = "PersonalLoanAPI", "PersonalLoanAPI\PersonalLoanAPI.csproj", "{8B42F88C-73BB-4728-A737-6A5F324986EC}"
EndProject
Project("{FAE04EC0-301F-11D3-BF4B-00C04F79EFBC}") = "PersonalLoanAPI.Tests", "PersonalLoanAPI.Tests\PersonalLoanAPI.Tests.csproj", "{40BABB6B-A174-45BF-AED1-6A0CCB4848BD}"
EndProject
Global
	GlobalSection(SolutionConfigurationPlatforms) = preSolution
		Debug|Any CPU = Debug|Any CPU
		Release|Any CPU = Release|Any CPU
	EndGlobalSection
	GlobalSection(ProjectConfigurationPlatforms) = postSolution
		{8B42F88C-73BB-4728-A737-6A5F324986EC}.Debug|Any CPU.ActiveCfg = Debug|Any CPU
		{8B42F88C-73BB-4728-A737-6A5F324986EC}.Debug|Any CPU.Build.0 = Debug|Any CPU
		{8B42F88C-73BB-4728-A737-6A5F324986EC}.Release|Any CPU.ActiveCfg = Release|Any CPU
		{8B42F88C-73BB-4728-A737-6A5F324986EC}.Release|Any CPU.Build.0 = Release|Any CPU
		{40BABB6B-A174-45BF-AED1-6A0CCB4848BD}.Debug|Any CPU.ActiveCfg = Debug|Any CPU
		{40BABB6B-A174-45BF-AED1-6A0CCB4848BD}.Debug|Any CPU.Build.0 = Debug|Any CPU
		{40BABB6B-A174-45BF-AED1-6A0CCB4848BD}.Release|Any CPU.ActiveCfg = Release|Any CPU
		{40BABB6B-A174-45BF-AED1-6A0CCB4848BD}.Release|Any CPU.Build.0 = Release|Any CPU
	EndGlobalSection
	GlobalSection(SolutionProperties) = preSolution
		HideSolutionNode = FALSE
	EndGlobalSection
EndGlobal
